{
  "name": "pitcrew",
  "version": "0.1.0",
  "lockfileVersion": 3,
  "requires": true,
  "packages": {
    "": {
      "name": "pitcrew",
      "version": "0.1.0",
      "license": "MIT",
      "bin": {
        "pitcrew": "bin/pitcrew.js"
      },
      "engines": {
        "node": ">=18"
      }
    }
  }
}
